
Microsoft Visual Studio Solution File, Format Version 12.00
# Visual Studio Version 17
VisualStudioVersion = 17.11.35327.3
MinimumVisualStudioVersion = 10.0.40219.1
Project("{2150E333-8FDC-42A3-9474-1A3956D46DE8}") = "01", "01", "{999660AF-E0B8-44AE-8E37-C10248F17135}"
EndProject
Project("{9A19103F-16F7-4668-BE54-9A1E7A4F7556}") = "IsNumerOddOrNot", "IsNumerOddOrNot\IsNumerOddOrNot.csproj", "{4270F61A-280E-4DE9-8074-61D8FCEFF1F3}"
EndProject
Project("{2150E333-8FDC-42A3-9474-1A3956D46DE8}") = "02", "02", "{0EE38E5C-DC8F-43C7-BCCB-9C3E55A73AED}"
EndProject
Project("{9A19103F-16F7-4668-BE54-9A1E7A4F7556}") = "TheGreathesNumber", "TheGreathesNumber\TheGreathesNumber.csproj", "{0A0D13D5-8BF3-4AAC-8B74-6DE655ED4F41}"
EndProject
Project("{2150E333-8FDC-42A3-9474-1A3956D46DE8}") = "Shared", "Shared", "{C644B952-D712-407A-B1C8-A6C278CF0FE3}"
EndProject
Project("{9A19103F-16F7-4668-BE54-9A1E7A4F7556}") = "Shared", "ConsoleExtension\Shared.csproj", "{BC7FB902-A1FD-449B-BACB-4C3D28D68DFD}"
EndProject
Project("{2150E333-8FDC-42A3-9474-1A3956D46DE8}") = "03", "03", "{7F7D1BA9-17C2-4B93-BA9E-C4205309C19E}"
EndProject
Project("{9A19103F-16F7-4668-BE54-9A1E7A4F7556}") = "SortNumbers", "SortNumbers\SortNumbers.csproj", "{1B975041-719B-4CD5-91BD-6A77097331AE}"
EndProject
Project("{2150E333-8FDC-42A3-9474-1A3956D46DE8}") = "04", "04", "{6644C8BA-5471-4D45-86BF-B753385B92A9}"
EndProject
Project("{9A19103F-16F7-4668-BE54-9A1E7A4F7556}") = "IsAMultipleOfAnother", "IsAMultipleOfAnother\IsAMultipleOfAnother.csproj", "{A0D17FCB-24DA-4F26-8FD8-B4AF435965EC}"
EndProject
Project("{2150E333-8FDC-42A3-9474-1A3956D46DE8}") = "05", "05", "{8A9367AF-3EB3-49BE-9A75-8F127293357D}"
EndProject
Project("{9A19103F-16F7-4668-BE54-9A1E7A4F7556}") = "IsLeapYear", "IsLeapYear\IsLeapYear.csproj", "{54BB003B-2908-461F-B2A2-56BDF5773A6F}"
EndProject
Project("{2150E333-8FDC-42A3-9474-1A3956D46DE8}") = "06", "06", "{C6721B2B-0F38-4DD8-B2FB-1824E4F50BC9}"
EndProject
Project("{9A19103F-16F7-4668-BE54-9A1E7A4F7556}") = "SimplePayroll", "SimplePayroll\SimplePayroll.csproj", "{8B82EFD9-5DC4-4882-9F0B-7B8962DCD82F}"
EndProject
Project("{2150E333-8FDC-42A3-9474-1A3956D46DE8}") = "07", "07", "{2265F6BB-AAA1-4607-A166-94CCF68A39E7}"
EndProject
Project("{9A19103F-16F7-4668-BE54-9A1E7A4F7556}") = "Discounts", "Discounts\Discounts.csproj", "{3746C5CC-64C6-4301-A31F-F95DA79A4546}"
EndProject
Project("{2150E333-8FDC-42A3-9474-1A3956D46DE8}") = "08", "08", "{D2F9311B-AD75-42DB-BD6C-0D125C1D6BD5}"
EndProject
Project("{9A19103F-16F7-4668-BE54-9A1E7A4F7556}") = "RegistrationValue", "RegistrationValue\RegistrationValue.csproj", "{1030411D-92E8-4FBF-A22C-C0695426A100}"
EndProject
Project("{2150E333-8FDC-42A3-9474-1A3956D46DE8}") = "09", "09", "{2DFE0095-60D4-429C-8AC6-CE3991487A1B}"
EndProject
Project("{9A19103F-16F7-4668-BE54-9A1E7A4F7556}") = "Shipment", "Shipment\Shipment.csproj", "{9A55D5A8-344C-4123-939F-BC80E0AF4D7D}"
EndProject
Project("{2150E333-8FDC-42A3-9474-1A3956D46DE8}") = "10", "10", "{D71EB6DA-61B7-43F1-9E4F-D6D8F20AC961}"
EndProject
Project("{9A19103F-16F7-4668-BE54-9A1E7A4F7556}") = "EventStore", "EventStore\EventStore.csproj", "{7433AAAF-23A1-4199-8A60-B1A41A220BC5}"
EndProject
Project("{2150E333-8FDC-42A3-9474-1A3956D46DE8}") = "11", "11", "{149AE542-97A4-4068-8374-B29B24480DBD}"
EndProject
Project("{9A19103F-16F7-4668-BE54-9A1E7A4F7556}") = "TransportCompany", "TransportCompany\TransportCompany.csproj", "{4A518300-A8E5-45F6-8929-D5456CDCFED7}"
EndProject
Project("{2150E333-8FDC-42A3-9474-1A3956D46DE8}") = "12", "12", "{8123BF96-2BE2-4440-8048-EB65231F3E14}"
EndProject
Project("{9A19103F-16F7-4668-BE54-9A1E7A4F7556}") = "SumAndAverage", "SumAndAverage\SumAndAverage.csproj", "{496722AF-756E-44B1-9B40-31C201D09D57}"
EndProject
Project("{2150E333-8FDC-42A3-9474-1A3956D46DE8}") = "13", "13", "{BC6614EA-E768-43E3-AEAB-7DE4F9846078}"
EndProject
Project("{9A19103F-16F7-4668-BE54-9A1E7A4F7556}") = "Factorial", "Factorial\Factorial.csproj", "{13787C08-BBFB-464B-81EA-582D841385B3}"
EndProject
Project("{2150E333-8FDC-42A3-9474-1A3956D46DE8}") = "14", "14", "{F8727F2E-C467-4BD6-9946-BB3C2ACC85D6}"
EndProject
Project("{9A19103F-16F7-4668-BE54-9A1E7A4F7556}") = "TaylorSeries", "TaylorSeries\TaylorSeries.csproj", "{8A4F0924-280E-45FE-95CA-5496D78F4857}"
EndProject
Project("{2150E333-8FDC-42A3-9474-1A3956D46DE8}") = "15", "15", "{7514BBE7-A741-430F-9C2B-6D4F61235E41}"
EndProject
Project("{9A19103F-16F7-4668-BE54-9A1E7A4F7556}") = "ModifiedTaylor", "ModifiedTaylor\ModifiedTaylor.csproj", "{40DADA8D-1475-496A-961C-D1CBFF212CC7}"
EndProject
Project("{2150E333-8FDC-42A3-9474-1A3956D46DE8}") = "16", "16", "{FFE57499-009C-436D-A957-8186BFAAFE0E}"
EndProject
Project("{9A19103F-16F7-4668-BE54-9A1E7A4F7556}") = "QuadraticEquations", "QuadraticEquations\QuadraticEquations.csproj", "{12AE1BFF-A225-4346-AA64-1609560D6685}"
EndProject
Project("{2150E333-8FDC-42A3-9474-1A3956D46DE8}") = "17", "17", "{0C83B5C4-9C66-4D5A-9CC6-218239C88CDF}"
EndProject
Project("{9A19103F-16F7-4668-BE54-9A1E7A4F7556}") = "FibonacciSeries", "FibonacciSeries\FibonacciSeries.csproj", "{7038D6E2-ADCA-4764-87F0-A9ABF037D9BD}"
EndProject
Project("{2150E333-8FDC-42A3-9474-1A3956D46DE8}") = "18", "18", "{072C8C40-7A9A-474A-BE8E-A8165244C5D6}"
EndProject
Project("{FAE04EC0-301F-11D3-BF4B-00C04F79EFBC}") = "ModifiedFibonacci", "ModifiedFibonacci\ModifiedFibonacci.csproj", "{97D77755-DA37-4D12-98C8-68E9F0AD121B}"
EndProject
Global
	GlobalSection(SolutionConfigurationPlatforms) = preSolution
		Debug|Any CPU = Debug|Any CPU
		Release|Any CPU = Release|Any CPU
	EndGlobalSection
	GlobalSection(ProjectConfigurationPlatforms) = postSolution
		{4270F61A-280E-4DE9-8074-61D8FCEFF1F3}.Debug|Any CPU.ActiveCfg = Debug|Any CPU
		{4270F61A-280E-4DE9-8074-61D8FCEFF1F3}.Debug|Any CPU.Build.0 = Debug|Any CPU
		{4270F61A-280E-4DE9-8074-61D8FCEFF1F3}.Release|Any CPU.ActiveCfg = Release|Any CPU
		{4270F61A-280E-4DE9-8074-61D8FCEFF1F3}.Release|Any CPU.Build.0 = Release|Any CPU
		{0A0D13D5-8BF3-4AAC-8B74-6DE655ED4F41}.Debug|Any CPU.ActiveCfg = Debug|Any CPU
		{0A0D13D5-8BF3-4AAC-8B74-6DE655ED4F41}.Debug|Any CPU.Build.0 = Debug|Any CPU
		{0A0D13D5-8BF3-4AAC-8B74-6DE655ED4F41}.Release|Any CPU.ActiveCfg = Release|Any CPU
		{0A0D13D5-8BF3-4AAC-8B74-6DE655ED4F41}.Release|Any CPU.Build.0 = Release|Any CPU
		{BC7FB902-A1FD-449B-BACB-4C3D28D68DFD}.Debug|Any CPU.ActiveCfg = Debug|Any CPU
		{BC7FB902-A1FD-449B-BACB-4C3D28D68DFD}.Debug|Any CPU.Build.0 = Debug|Any CPU
		{BC7FB902-A1FD-449B-BACB-4C3D28D68DFD}.Release|Any CPU.ActiveCfg = Release|Any CPU
		{BC7FB902-A1FD-449B-BACB-4C3D28D68DFD}.Release|Any CPU.Build.0 = Release|Any CPU
		{1B975041-719B-4CD5-91BD-6A77097331AE}.Debug|Any CPU.ActiveCfg = Debug|Any CPU
		{1B975041-719B-4CD5-91BD-6A77097331AE}.Debug|Any CPU.Build.0 = Debug|Any CPU
		{1B975041-719B-4CD5-91BD-6A77097331AE}.Release|Any CPU.ActiveCfg = Release|Any CPU
		{1B975041-719B-4CD5-91BD-6A77097331AE}.Release|Any CPU.Build.0 = Release|Any CPU
		{A0D17FCB-24DA-4F26-8FD8-B4AF435965EC}.Debug|Any CPU.ActiveCfg = Debug|Any CPU
		{A0D17FCB-24DA-4F26-8FD8-B4AF435965EC}.Debug|Any CPU.Build.0 = Debug|Any CPU
		{A0D17FCB-24DA-4F26-8FD8-B4AF435965EC}.Release|Any CPU.ActiveCfg = Release|Any CPU
		{A0D17FCB-24DA-4F26-8FD8-B4AF435965EC}.Release|Any CPU.Build.0 = Release|Any CPU
		{54BB003B-2908-461F-B2A2-56BDF5773A6F}.Debug|Any CPU.ActiveCfg = Debug|Any CPU
		{54BB003B-2908-461F-B2A2-56BDF5773A6F}.Debug|Any CPU.Build.0 = Debug|Any CPU
		{54BB003B-2908-461F-B2A2-56BDF5773A6F}.Release|Any CPU.ActiveCfg = Release|Any CPU
		{54BB003B-2908-461F-B2A2-56BDF5773A6F}.Release|Any CPU.Build.0 = Release|Any CPU
		{8B82EFD9-5DC4-4882-9F0B-7B8962DCD82F}.Debug|Any CPU.ActiveCfg = Debug|Any CPU
		{8B82EFD9-5DC4-4882-9F0B-7B8962DCD82F}.Debug|Any CPU.Build.0 = Debug|Any CPU
		{8B82EFD9-5DC4-4882-9F0B-7B8962DCD82F}.Release|Any CPU.ActiveCfg = Release|Any CPU
		{8B82EFD9-5DC4-4882-9F0B-7B8962DCD82F}.Release|Any CPU.Build.0 = Release|Any CPU
		{3746C5CC-64C6-4301-A31F-F95DA79A4546}.Debug|Any CPU.ActiveCfg = Debug|Any CPU
		{3746C5CC-64C6-4301-A31F-F95DA79A4546}.Debug|Any CPU.Build.0 = Debug|Any CPU
		{3746C5CC-64C6-4301-A31F-F95DA79A4546}.Release|Any CPU.ActiveCfg = Release|Any CPU
		{3746C5CC-64C6-4301-A31F-F95DA79A4546}.Release|Any CPU.Build.0 = Release|Any CPU
		{1030411D-92E8-4FBF-A22C-C0695426A100}.Debug|Any CPU.ActiveCfg = Debug|Any CPU
		{1030411D-92E8-4FBF-A22C-C0695426A100}.Debug|Any CPU.Build.0 = Debug|Any CPU
		{1030411D-92E8-4FBF-A22C-C0695426A100}.Release|Any CPU.ActiveCfg = Release|Any CPU
		{1030411D-92E8-4FBF-A22C-C0695426A100}.Release|Any CPU.Build.0 = Release|Any CPU
		{9A55D5A8-344C-4123-939F-BC80E0AF4D7D}.Debug|Any CPU.ActiveCfg = Debug|Any CPU
		{9A55D5A8-344C-4123-939F-BC80E0AF4D7D}.Debug|Any CPU.Build.0 = Debug|Any CPU
		{9A55D5A8-344C-4123-939F-BC80E0AF4D7D}.Release|Any CPU.ActiveCfg = Release|Any CPU
		{9A55D5A8-344C-4123-939F-BC80E0AF4D7D}.Release|Any CPU.Build.0 = Release|Any CPU
		{7433AAAF-23A1-4199-8A60-B1A41A220BC5}.Debug|Any CPU.ActiveCfg = Debug|Any CPU
		{7433AAAF-23A1-4199-8A60-B1A41A220BC5}.Debug|Any CPU.Build.0 = Debug|Any CPU
		{7433AAAF-23A1-4199-8A60-B1A41A220BC5}.Release|Any CPU.ActiveCfg = Release|Any CPU
		{7433AAAF-23A1-4199-8A60-B1A41A220BC5}.Release|Any CPU.Build.0 = Release|Any CPU
		{4A518300-A8E5-45F6-8929-D5456CDCFED7}.Debug|Any CPU.ActiveCfg = Debug|Any CPU
		{4A518300-A8E5-45F6-8929-D5456CDCFED7}.Debug|Any CPU.Build.0 = Debug|Any CPU
		{4A518300-A8E5-45F6-8929-D5456CDCFED7}.Release|Any CPU.ActiveCfg = Release|Any CPU
		{4A518300-A8E5-45F6-8929-D5456CDCFED7}.Release|Any CPU.Build.0 = Release|Any CPU
		{496722AF-756E-44B1-9B40-31C201D09D57}.Debug|Any CPU.ActiveCfg = Debug|Any CPU
		{496722AF-756E-44B1-9B40-31C201D09D57}.Debug|Any CPU.Build.0 = Debug|Any CPU
		{496722AF-756E-44B1-9B40-31C201D09D57}.Release|Any CPU.ActiveCfg = Release|Any CPU
		{496722AF-756E-44B1-9B40-31C201D09D57}.Release|Any CPU.Build.0 = Release|Any CPU
		{13787C08-BBFB-464B-81EA-582D841385B3}.Debug|Any CPU.ActiveCfg = Debug|Any CPU
		{13787C08-BBFB-464B-81EA-582D841385B3}.Debug|Any CPU.Build.0 = Debug|Any CPU
		{13787C08-BBFB-464B-81EA-582D841385B3}.Release|Any CPU.ActiveCfg = Release|Any CPU
		{13787C08-BBFB-464B-81EA-582D841385B3}.Release|Any CPU.Build.0 = Release|Any CPU
		{8A4F0924-280E-45FE-95CA-5496D78F4857}.Debug|Any CPU.ActiveCfg = Debug|Any CPU
		{8A4F0924-280E-45FE-95CA-5496D78F4857}.Debug|Any CPU.Build.0 = Debug|Any CPU
		{8A4F0924-280E-45FE-95CA-5496D78F4857}.Release|Any CPU.ActiveCfg = Release|Any CPU
		{8A4F0924-280E-45FE-95CA-5496D78F4857}.Release|Any CPU.Build.0 = Release|Any CPU
		{40DADA8D-1475-496A-961C-D1CBFF212CC7}.Debug|Any CPU.ActiveCfg = Debug|Any CPU
		{40DADA8D-1475-496A-961C-D1CBFF212CC7}.Debug|Any CPU.Build.0 = Debug|Any CPU
		{40DADA8D-1475-496A-961C-D1CBFF212CC7}.Release|Any CPU.ActiveCfg = Release|Any CPU
		{40DADA8D-1475-496A-961C-D1CBFF212CC7}.Release|Any CPU.Build.0 = Release|Any CPU
		{12AE1BFF-A225-4346-AA64-1609560D6685}.Debug|Any CPU.ActiveCfg = Debug|Any CPU
		{12AE1BFF-A225-4346-AA64-1609560D6685}.Debug|Any CPU.Build.0 = Debug|Any CPU
		{12AE1BFF-A225-4346-AA64-1609560D6685}.Release|Any CPU.ActiveCfg = Release|Any CPU
		{12AE1BFF-A225-4346-AA64-1609560D6685}.Release|Any CPU.Build.0 = Release|Any CPU
		{7038D6E2-ADCA-4764-87F0-A9ABF037D9BD}.Debug|Any CPU.ActiveCfg = Debug|Any CPU
		{7038D6E2-ADCA-4764-87F0-A9ABF037D9BD}.Debug|Any CPU.Build.0 = Debug|Any CPU
		{7038D6E2-ADCA-4764-87F0-A9ABF037D9BD}.Release|Any CPU.ActiveCfg = Release|Any CPU
		{7038D6E2-ADCA-4764-87F0-A9ABF037D9BD}.Release|Any CPU.Build.0 = Release|Any CPU
		{97D77755-DA37-4D12-98C8-68E9F0AD121B}.Debug|Any CPU.ActiveCfg = Debug|Any CPU
		{97D77755-DA37-4D12-98C8-68E9F0AD121B}.Debug|Any CPU.Build.0 = Debug|Any CPU
		{97D77755-DA37-4D12-98C8-68E9F0AD121B}.Release|Any CPU.ActiveCfg = Release|Any CPU
		{97D77755-DA37-4D12-98C8-68E9F0AD121B}.Release|Any CPU.Build.0 = Release|Any CPU
	EndGlobalSection
	GlobalSection(SolutionProperties) = preSolution
		HideSolutionNode = FALSE
	EndGlobalSection
	GlobalSection(NestedProjects) = preSolution
		{4270F61A-280E-4DE9-8074-61D8FCEFF1F3} = {999660AF-E0B8-44AE-8E37-C10248F17135}
		{0A0D13D5-8BF3-4AAC-8B74-6DE655ED4F41} = {0EE38E5C-DC8F-43C7-BCCB-9C3E55A73AED}
		{BC7FB902-A1FD-449B-BACB-4C3D28D68DFD} = {C644B952-D712-407A-B1C8-A6C278CF0FE3}
		{1B975041-719B-4CD5-91BD-6A77097331AE} = {7F7D1BA9-17C2-4B93-BA9E-C4205309C19E}
		{A0D17FCB-24DA-4F26-8FD8-B4AF435965EC} = {6644C8BA-5471-4D45-86BF-B753385B92A9}
		{54BB003B-2908-461F-B2A2-56BDF5773A6F} = {8A9367AF-3EB3-49BE-9A75-8F127293357D}
		{8B82EFD9-5DC4-4882-9F0B-7B8962DCD82F} = {C6721B2B-0F38-4DD8-B2FB-1824E4F50BC9}
		{3746C5CC-64C6-4301-A31F-F95DA79A4546} = {2265F6BB-AAA1-4607-A166-94CCF68A39E7}
		{1030411D-92E8-4FBF-A22C-C0695426A100} = {D2F9311B-AD75-42DB-BD6C-0D125C1D6BD5}
		{9A55D5A8-344C-4123-939F-BC80E0AF4D7D} = {2DFE0095-60D4-429C-8AC6-CE3991487A1B}
		{7433AAAF-23A1-4199-8A60-B1A41A220BC5} = {D71EB6DA-61B7-43F1-9E4F-D6D8F20AC961}
		{4A518300-A8E5-45F6-8929-D5456CDCFED7} = {149AE542-97A4-4068-8374-B29B24480DBD}
		{496722AF-756E-44B1-9B40-31C201D09D57} = {8123BF96-2BE2-4440-8048-EB65231F3E14}
		{13787C08-BBFB-464B-81EA-582D841385B3} = {BC6614EA-E768-43E3-AEAB-7DE4F9846078}
		{8A4F0924-280E-45FE-95CA-5496D78F4857} = {F8727F2E-C467-4BD6-9946-BB3C2ACC85D6}
		{40DADA8D-1475-496A-961C-D1CBFF212CC7} = {7514BBE7-A741-430F-9C2B-6D4F61235E41}
		{12AE1BFF-A225-4346-AA64-1609560D6685} = {FFE57499-009C-436D-A957-8186BFAAFE0E}
		{7038D6E2-ADCA-4764-87F0-A9ABF037D9BD} = {0C83B5C4-9C66-4D5A-9CC6-218239C88CDF}
		{97D77755-DA37-4D12-98C8-68E9F0AD121B} = {072C8C40-7A9A-474A-BE8E-A8165244C5D6}
	EndGlobalSection
	GlobalSection(ExtensibilityGlobals) = postSolution
		SolutionGuid = {9F7830FB-C0BF-4354-98C0-0E0F28F996B3}
	EndGlobalSection
EndGlobal
